
Microsoft Visual Studio Solution File, Format Version 12.00
# Visual Studio 15
VisualStudioVersion = 15.0.26430.6
MinimumVisualStudioVersion = 10.0.40219.1
Project("{FAE04EC0-301F-11D3-BF4B-00C04F79EFBC}") = "SystemConsole", "SystemConsole\SystemConsole.csproj", "{4598CB69-4EC2-469D-BF5A-A2CFC02FB738}"
EndProject
Project("{FAE04EC0-301F-11D3-BF4B-00C04F79EFBC}") = "SystemConsole.Tests", "SystemConsole.Tests\SystemConsole.Tests.csproj", "{B88B1462-F62E-44AC-87F4-BFE0C7450B21}"
EndProject
Global
	GlobalSection(SolutionConfigurationPlatforms) = preSolution
		Debug|Any CPU = Debug|Any CPU
		Release|Any CPU = Release|Any CPU
	EndGlobalSection
	GlobalSection(ProjectConfigurationPlatforms) = postSolution
		{4598CB69-4EC2-469D-BF5A-A2CFC02FB738}.Debug|Any CPU.ActiveCfg = Debug|Any CPU
		{4598CB69-4EC2-469D-BF5A-A2CFC02FB738}.Debug|Any CPU.Build.0 = Debug|Any CPU
		{4598CB69-4EC2-469D-BF5A-A2CFC02FB738}.Release|Any CPU.ActiveCfg = Release|Any CPU
		{4598CB69-4EC2-469D-BF5A-A2CFC02FB738}.Release|Any CPU.Build.0 = Release|Any CPU
		{B88B1462-F62E-44AC-87F4-BFE0C7450B21}.Debug|Any CPU.ActiveCfg = Debug|Any CPU
		{B88B1462-F62E-44AC-87F4-BFE0C7450B21}.Debug|Any CPU.Build.0 = Debug|Any CPU
		{B88B1462-F62E-44AC-87F4-BFE0C7450B21}.Release|Any CPU.ActiveCfg = Release|Any CPU
		{B88B1462-F62E-44AC-87F4-BFE0C7450B21}.Release|Any CPU.Build.0 = Release|Any CPU
	EndGlobalSection
	GlobalSection(SolutionProperties) = preSolution
		HideSolutionNode = FALSE
	EndGlobalSection
EndGlobal
